
Microsoft Visual Studio Solution File, Format Version 12.00
# Visual Studio Version 16
VisualStudioVersion = 16.0.31112.23
MinimumVisualStudioVersion = 10.0.40219.1
Project("{2150E333-8FDC-42A3-9474-1A3956D46DE8}") = "SGA.Application", "SGA.Application", "{43584144-7601-424C-B930-6BFDD4598610}"
EndProject
Project("{2150E333-8FDC-42A3-9474-1A3956D46DE8}") = "SGA.UI.MVC", "SGA.UI.MVC", "{9B9F1D85-291A-4421-88F8-C93D4AD3D10D}"
EndProject
Project("{2150E333-8FDC-42A3-9474-1A3956D46DE8}") = "SGA.Infrastructure.Data", "SGA.Infrastructure.Data", "{5CF44C0F-A674-4164-B62D-EFB1FF5120C2}"
EndProject
Project("{2150E333-8FDC-42A3-9474-1A3956D46DE8}") = "SGA.WebApi", "SGA.WebApi", "{8B4FDEE0-3471-499F-B902-C06390F451A7}"
EndProject
Project("{2150E333-8FDC-42A3-9474-1A3956D46DE8}") = "SGA.Infraestructure.IoC", "SGA.Infraestructure.IoC", "{1C0314B2-C21B-43B3-915D-4ECD42B12FB3}"
EndProject
Project("{2150E333-8FDC-42A3-9474-1A3956D46DE8}") = "SGA.Domain", "SGA.Domain", "{840CBD3A-BC37-4536-B8F7-3621BDE88BDC}"
EndProject
Project("{FAE04EC0-301F-11D3-BF4B-00C04F79EFBC}") = "SGA.WebApi", "SGA.WebApi\SGA.WebApi.csproj", "{66BEE9E3-7455-450F-9ECB-9B06FBF09816}"
EndProject
Project("{FAE04EC0-301F-11D3-BF4B-00C04F79EFBC}") = "SGA.MVC", "SGA.MVC\SGA.MVC.csproj", "{952663A9-7B52-46D4-9AF2-99362162ADD2}"
EndProject
Project("{FAE04EC0-301F-11D3-BF4B-00C04F79EFBC}") = "SGA.App", "SGA.App\SGA.App.csproj", "{C77C86E1-96B2-4A77-94B4-23E5AF284786}"
EndProject
Project("{FAE04EC0-301F-11D3-BF4B-00C04F79EFBC}") = "SGA.Domain", "SGA.Domain\SGA.Domain.csproj", "{C468C480-484E-4319-B85B-F1652014EED1}"
EndProject
Project("{FAE04EC0-301F-11D3-BF4B-00C04F79EFBC}") = "SGA.Infra.IoC", "SGA.Infra.IoC\SGA.Infra.IoC.csproj", "{212195E3-99DC-47D8-9A88-E75110E08B5B}"
EndProject
Project("{FAE04EC0-301F-11D3-BF4B-00C04F79EFBC}") = "SGA.Infra.Data", "SGA.Infra.Data\SGA.Infra.Data.csproj", "{EFA2507A-EECE-41D7-A4E9-F3D13E4FD266}"
EndProject
Global
	GlobalSection(SolutionConfigurationPlatforms) = preSolution
		Debug|Any CPU = Debug|Any CPU
		Release|Any CPU = Release|Any CPU
	EndGlobalSection
	GlobalSection(ProjectConfigurationPlatforms) = postSolution
		{66BEE9E3-7455-450F-9ECB-9B06FBF09816}.Debug|Any CPU.ActiveCfg = Debug|Any CPU
		{66BEE9E3-7455-450F-9ECB-9B06FBF09816}.Debug|Any CPU.Build.0 = Debug|Any CPU
		{66BEE9E3-7455-450F-9ECB-9B06FBF09816}.Release|Any CPU.ActiveCfg = Release|Any CPU
		{66BEE9E3-7455-450F-9ECB-9B06FBF09816}.Release|Any CPU.Build.0 = Release|Any CPU
		{952663A9-7B52-46D4-9AF2-99362162ADD2}.Debug|Any CPU.ActiveCfg = Debug|Any CPU
		{952663A9-7B52-46D4-9AF2-99362162ADD2}.Debug|Any CPU.Build.0 = Debug|Any CPU
		{952663A9-7B52-46D4-9AF2-99362162ADD2}.Release|Any CPU.ActiveCfg = Release|Any CPU
		{952663A9-7B52-46D4-9AF2-99362162ADD2}.Release|Any CPU.Build.0 = Release|Any CPU
		{C77C86E1-96B2-4A77-94B4-23E5AF284786}.Debug|Any CPU.ActiveCfg = Debug|Any CPU
		{C77C86E1-96B2-4A77-94B4-23E5AF284786}.Debug|Any CPU.Build.0 = Debug|Any CPU
		{C77C86E1-96B2-4A77-94B4-23E5AF284786}.Release|Any CPU.ActiveCfg = Release|Any CPU
		{C77C86E1-96B2-4A77-94B4-23E5AF284786}.Release|Any CPU.Build.0 = Release|Any CPU
		{C468C480-484E-4319-B85B-F1652014EED1}.Debug|Any CPU.ActiveCfg = Debug|Any CPU
		{C468C480-484E-4319-B85B-F1652014EED1}.Debug|Any CPU.Build.0 = Debug|Any CPU
		{C468C480-484E-4319-B85B-F1652014EED1}.Release|Any CPU.ActiveCfg = Release|Any CPU
		{C468C480-484E-4319-B85B-F1652014EED1}.Release|Any CPU.Build.0 = Release|Any CPU
		{212195E3-99DC-47D8-9A88-E75110E08B5B}.Debug|Any CPU.ActiveCfg = Debug|Any CPU
		{212195E3-99DC-47D8-9A88-E75110E08B5B}.Debug|Any CPU.Build.0 = Debug|Any CPU
		{212195E3-99DC-47D8-9A88-E75110E08B5B}.Release|Any CPU.ActiveCfg = Release|Any CPU
		{212195E3-99DC-47D8-9A88-E75110E08B5B}.Release|Any CPU.Build.0 = Release|Any CPU
		{EFA2507A-EECE-41D7-A4E9-F3D13E4FD266}.Debug|Any CPU.ActiveCfg = Debug|Any CPU
		{EFA2507A-EECE-41D7-A4E9-F3D13E4FD266}.Debug|Any CPU.Build.0 = Debug|Any CPU
		{EFA2507A-EECE-41D7-A4E9-F3D13E4FD266}.Release|Any CPU.ActiveCfg = Release|Any CPU
		{EFA2507A-EECE-41D7-A4E9-F3D13E4FD266}.Release|Any CPU.Build.0 = Release|Any CPU
	EndGlobalSection
	GlobalSection(SolutionProperties) = preSolution
		HideSolutionNode = FALSE
	EndGlobalSection
	GlobalSection(NestedProjects) = preSolution
		{66BEE9E3-7455-450F-9ECB-9B06FBF09816} = {8B4FDEE0-3471-499F-B902-C06390F451A7}
		{952663A9-7B52-46D4-9AF2-99362162ADD2} = {9B9F1D85-291A-4421-88F8-C93D4AD3D10D}
		{C77C86E1-96B2-4A77-94B4-23E5AF284786} = {43584144-7601-424C-B930-6BFDD4598610}
		{C468C480-484E-4319-B85B-F1652014EED1} = {840CBD3A-BC37-4536-B8F7-3621BDE88BDC}
		{212195E3-99DC-47D8-9A88-E75110E08B5B} = {1C0314B2-C21B-43B3-915D-4ECD42B12FB3}
		{EFA2507A-EECE-41D7-A4E9-F3D13E4FD266} = {5CF44C0F-A674-4164-B62D-EFB1FF5120C2}
	EndGlobalSection
	GlobalSection(ExtensibilityGlobals) = postSolution
		SolutionGuid = {B13E2B12-782C-42DA-B1F5-1DD17299264F}
	EndGlobalSection
EndGlobal
